{
  "requires": true,
  "lockfileVersion": 1,
  "dependencies": {
    "zeppelin-solidity": {
      "version": "1.3.0",
      "resolved": "https://registry.npmjs.org/zeppelin-solidity/-/zeppelin-solidity-1.3.0.tgz",
      "integrity": "sha512-q+WyqvQjE5gpKgXrhD8LBh0Njg7GI/zs4lKX14y0j7ISJIxe68hihSjaMU05V0M0qAbxgRC43AFTt7CxNsO8nQ=="
    }
  }
}
